// !$*UTF8*$!
{
	archiveVersion = 1;
	classes = {
	};
	objectVersion = 56;
	objects = {

/* Begin PBXBuildFile section */
		BA2EEA2628E988850056CC39 /* AppDelegate.swift in Sources */ = {isa = PBXBuildFile; fileRef = BA2EEA2528E988850056CC39 /* AppDelegate.swift */; };
		BA2EEA2828E988850056CC39 /* SceneDelegate.swift in Sources */ = {isa = PBXBuildFile; fileRef = BA2EEA2728E988850056CC39 /* SceneDelegate.swift */; };
		BA2EEA2A28E988850056CC39 /* ViewController.swift in Sources */ = {isa = PBXBuildFile; fileRef = BA2EEA2928E988850056CC39 /* ViewController.swift */; };
		BA2EEA2D28E988850056CC39 /* Main.storyboard in Resources */ = {isa = PBXBuildFile; fileRef = BA2EEA2B28E988850056CC39 /* Main.storyboard */; };
		BA2EEA2F28E988860056CC39 /* Assets.xcassets in Resources */ = {isa = PBXBuildFile; fileRef = BA2EEA2E28E988860056CC39 /* Assets.xcassets */; };
		BA2EEA3228E988860056CC39 /* LaunchScreen.storyboard in Resources */ = {isa = PBXBuildFile; fileRef = BA2EEA3028E988860056CC39 /* LaunchScreen.storyboard */; };
		BA2EEA3D28E988860056CC39 /* Try_Swift_StoryboardTests.swift in Sources */ = {isa = PBXBuildFile; fileRef = BA2EEA3C28E988860056CC39 /* Try_Swift_StoryboardTests.swift */; };
		BA2EEA4728E988860056CC39 /* Try_Swift_StoryboardUITests.swift in Sources */ = {isa = PBXBuildFile; fileRef = BA2EEA4628E988860056CC39 /* Try_Swift_StoryboardUITests.swift */; };
		BA2EEA4928E988860056CC39 /* Try_Swift_StoryboardUITestsLaunchTests.swift in Sources */ = {isa = PBXBuildFile; fileRef = BA2EEA4828E988860056CC39 /* Try_Swift_StoryboardUITestsLaunchTests.swift */; };
/* End PBXBuildFile section */

/* Begin PBXContainerItemProxy section */
		BA2EEA3928E988860056CC39 /* PBXContainerItemProxy */ = {
			isa = PBXContainerItemProxy;
			containerPortal = BA2EEA1A28E988850056CC39 /* Project object */;
			proxyType = 1;
			remoteGlobalIDString = BA2EEA2128E988850056CC39;
			remoteInfo = "Try Swift Storyboard";
		};
		BA2EEA4328E988860056CC39 /* PBXContainerItemProxy */ = {
			isa = PBXContainerItemProxy;
			containerPortal = BA2EEA1A28E988850056CC39 /* Project object */;
			proxyType = 1;
			remoteGlobalIDString = BA2EEA2128E988850056CC39;
			remoteInfo = "Try Swift Storyboard";
		};
/* End PBXContainerItemProxy section */

/* Begin PBXFileReference section */
		BA2EEA2228E988850056CC39 /* Try Swift Storyboard.app */ = {isa = PBXFileReference; explicitFileType = wrapper.application; includeInIndex = 0; path = "Try Swift Storyboard.app"; sourceTree = BUILT_PRODUCTS_DIR; };
		BA2EEA2528E988850056CC39 /* AppDelegate.swift */ = {isa = PBXFileReference; lastKnownFileType = sourcecode.swift; path = AppDelegate.swift; sourceTree = "<group>"; };
		BA2EEA2728E988850056CC39 /* SceneDelegate.swift */ = {isa = PBXFileReference; lastKnownFileType = sourcecode.swift; path = SceneDelegate.swift; sourceTree = "<group>"; };
		BA2EEA2928E988850056CC39 /* ViewController.swift */ = {isa = PBXFileReference; lastKnownFileType = sourcecode.swift; path = ViewController.swift; sourceTree = "<group>"; };
		BA2EEA2C28E988850056CC39 /* Base */ = {isa = PBXFileReference; lastKnownFileType = file.storyboard; name = Base; path = Base.lproj/Main.storyboard; sourceTree = "<group>"; };
		BA2EEA2E28E988860056CC39 /* Assets.xcassets */ = {isa = PBXFileReference; lastKnownFileType = folder.assetcatalog; path = Assets.xcassets; sourceTree = "<group>"; };
		BA2EEA3128E988860056CC39 /* Base */ = {isa = PBXFileReference; lastKnownFileType = file.storyboard; name = Base; path = Base.lproj/LaunchScreen.storyboard; sourceTree = "<group>"; };
		BA2EEA3328E988860056CC39 /* Info.plist */ = {isa = PBXFileReference; lastKnownFileType = text.plist.xml; path = Info.plist; sourceTree = "<group>"; };
		BA2EEA3828E988860056CC39 /* Try Swift StoryboardTests.xctest */ = {isa = PBXFileReference; explicitFileType = wrapper.cfbundle; includeInIndex = 0; path = "Try Swift StoryboardTests.xctest"; sourceTree = BUILT_PRODUCTS_DIR; };
		BA2EEA3C28E988860056CC39 /* Try_Swift_StoryboardTests.swift */ = {isa = PBXFileReference; lastKnownFileType = sourcecode.swift; path = Try_Swift_StoryboardTests.swift; sourceTree = "<group>"; };
		BA2EEA4228E988860056CC39 /* Try Swift StoryboardUITests.xctest */ = {isa = PBXFileReference; explicitFileType = wrapper.cfbundle; includeInIndex = 0; path = "Try Swift StoryboardUITests.xctest"; sourceTree = BUILT_PRODUCTS_DIR; };
		BA2EEA4628E988860056CC39 /* Try_Swift_StoryboardUITests.swift */ = {isa = PBXFileReference; lastKnownFileType = sourcecode.swift; path = Try_Swift_StoryboardUITests.swift; sourceTree = "<group>"; };
		BA2EEA4828E988860056CC39 /* Try_Swift_StoryboardUITestsLaunchTests.swift */ = {isa = PBXFileReference; lastKnownFileType = sourcecode.swift; path = Try_Swift_StoryboardUITestsLaunchTests.swift; sourceTree = "<group>"; };
/* End PBXFileReference section */

/* Begin PBXFrameworksBuildPhase section */
		BA2EEA1F28E988850056CC39 /* Frameworks */ = {
			isa = PBXFrameworksBuildPhase;
			buildActionMask = 2147483647;
			files = (
			);
			runOnlyForDeploymentPostprocessing = 0;
		};
		BA2EEA3528E988860056CC39 /* Frameworks */ = {
			isa = PBXFrameworksBuildPhase;
			buildActionMask = 2147483647;
			files = (
			);
			runOnlyForDeploymentPostprocessing = 0;
		};
		BA2EEA3F28E988860056CC39 /* Frameworks */ = {
			isa = PBXFrameworksBuildPhase;
			buildActionMask = 2147483647;
			files = (
			);
			runOnlyForDeploymentPostprocessing = 0;
		};
/* End PBXFrameworksBuildPhase section */

/* Begin PBXGroup section */
		BA2EEA1928E988850056CC39 = {
			isa = PBXGroup;
			children = (
				BA2EEA2428E988850056CC39 /* Try Swift Storyboard */,
				BA2EEA3B28E988860056CC39 /* Try Swift StoryboardTests */,
				BA2EEA4528E988860056CC39 /* Try Swift StoryboardUITests */,
				BA2EEA2328E988850056CC39 /* Products */,
			);
			sourceTree = "<group>";
		};
		BA2EEA2328E988850056CC39 /* Products */ = {
			isa = PBXGroup;
			children = (
				BA2EEA2228E988850056CC39 /* Try Swift Storyboard.app */,
				BA2EEA3828E988860056CC39 /* Try Swift StoryboardTests.xctest */,
				BA2EEA4228E988860056CC39 /* Try Swift StoryboardUITests.xctest */,
			);
			name = Products;
			sourceTree = "<group>";
		};
		BA2EEA2428E988850056CC39 /* Try Swift Storyboard */ = {
			isa = PBXGroup;
			children = (
				BA2EEA2528E988850056CC39 /* AppDelegate.swift */,
				BA2EEA2728E988850056CC39 /* SceneDelegate.swift */,
				BA2EEA2928E988850056CC39 /* ViewController.swift */,
				BA2EEA2B28E988850056CC39 /* Main.storyboard */,
				BA2EEA2E28E988860056CC39 /* Assets.xcassets */,
				BA2EEA3028E988860056CC39 /* LaunchScreen.storyboard */,
				BA2EEA3328E988860056CC39 /* Info.plist */,
			);
			path = "Try Swift Storyboard";
			sourceTree = "<group>";
		};
		BA2EEA3B28E988860056CC39 /* Try Swift StoryboardTests */ = {
			isa = PBXGroup;
			children = (
				BA2EEA3C28E988860056CC39 /* Try_Swift_StoryboardTests.swift */,
			);
			path = "Try Swift StoryboardTests";
			sourceTree = "<group>";
		};
		BA2EEA4528E988860056CC39 /* Try Swift StoryboardUITests */ = {
			isa = PBXGroup;
			children = (
				BA2EEA4628E988860056CC39 /* Try_Swift_StoryboardUITests.swift */,
				BA2EEA4828E988860056CC39 /* Try_Swift_StoryboardUITestsLaunchTests.swift */,
			);
			path = "Try Swift StoryboardUITests";
			sourceTree = "<group>";
		};
/* End PBXGroup section */

/* Begin PBXNativeTarget section */
		BA2EEA2128E988850056CC39 /* Try Swift Storyboard */ = {
			isa = PBXNativeTarget;
			buildConfigurationList = BA2EEA4C28E988860056CC39 /* Build configuration list for PBXNativeTarget "Try Swift Storyboard" */;
			buildPhases = (
				BA2EEA1E28E988850056CC39 /* Sources */,
				BA2EEA1F28E988850056CC39 /* Frameworks */,
				BA2EEA2028E988850056CC39 /* Resources */,
			);
			buildRules = (
			);
			dependencies = (
			);
			name = "Try Swift Storyboard";
			productName = "Try Swift Storyboard";
			productReference = BA2EEA2228E988850056CC39 /* Try Swift Storyboard.app */;
			productType = "com.apple.product-type.application";
		};
		BA2EEA3728E988860056CC39 /* Try Swift StoryboardTests */ = {
			isa = PBXNativeTarget;
			buildConfigurationList = BA2EEA4F28E988860056CC39 /* Build configuration list for PBXNativeTarget "Try Swift StoryboardTests" */;
			buildPhases = (
				BA2EEA3428E988860056CC39 /* Sources */,
				BA2EEA3528E988860056CC39 /* Frameworks */,
				BA2EEA3628E988860056CC39 /* Resources */,
			);
			buildRules = (
			);
			dependencies = (
				BA2EEA3A28E988860056CC39 /* PBXTargetDependency */,
			);
			name = "Try Swift StoryboardTests";
			productName = "Try Swift StoryboardTests";
			productReference = BA2EEA3828E988860056CC39 /* Try Swift StoryboardTests.xctest */;
			productType = "com.apple.product-type.bundle.unit-test";
		};
		BA2EEA4128E988860056CC39 /* Try Swift StoryboardUITests */ = {
			isa = PBXNativeTarget;
			buildConfigurationList = BA2EEA5228E988860056CC39 /* Build configuration list for PBXNativeTarget "Try Swift StoryboardUITests" */;
			buildPhases = (
				BA2EEA3E28E988860056CC39 /* Sources */,
				BA2EEA3F28E988860056CC39 /* Frameworks */,
				BA2EEA4028E988860056CC39 /* Resources */,
			);
			buildRules = (
			);
			dependencies = (
				BA2EEA4428E988860056CC39 /* PBXTargetDependency */,
			);
			name = "Try Swift StoryboardUITests";
			productName = "Try Swift StoryboardUITests";
			productReference = BA2EEA4228E988860056CC39 /* Try Swift StoryboardUITests.xctest */;
			productType = "com.apple.product-type.bundle.ui-testing";
		};
/* End PBXNativeTarget section */

/* Begin PBXProject section */
		BA2EEA1A28E988850056CC39 /* Project object */ = {
			isa = PBXProject;
			attributes = {
				BuildIndependentTargetsInParallel = 1;
				LastSwiftUpdateCheck = 1400;
				LastUpgradeCheck = 1400;
				TargetAttributes = {
					BA2EEA2128E988850056CC39 = {
						CreatedOnToolsVersion = 14.0.1;
					};
					BA2EEA3728E988860056CC39 = {
						CreatedOnToolsVersion = 14.0.1;
						TestTargetID = BA2EEA2128E988850056CC39;
					};
					BA2EEA4128E988860056CC39 = {
						CreatedOnToolsVersion = 14.0.1;
						TestTargetID = BA2EEA2128E988850056CC39;
					};
				};
			};
			buildConfigurationList = BA2EEA1D28E988850056CC39 /* Build configuration list for PBXProject "Try Swift Storyboard" */;
			compatibilityVersion = "Xcode 14.0";
			developmentRegion = en;
			hasScannedForEncodings = 0;
			knownRegions = (
				en,
				Base,
			);
			mainGroup = BA2EEA1928E988850056CC39;
			productRefGroup = BA2EEA2328E988850056CC39 /* Products */;
			projectDirPath = "";
			projectRoot = "";
			targets = (
				BA2EEA2128E988850056CC39 /* Try Swift Storyboard */,
				BA2EEA3728E988860056CC39 /* Try Swift StoryboardTests */,
				BA2EEA4128E988860056CC39 /* Try Swift StoryboardUITests */,
			);
		};
/* End PBXProject section */

/* Begin PBXResourcesBuildPhase section */
		BA2EEA2028E988850056CC39 /* Resources */ = {
			isa = PBXResourcesBuildPhase;
			buildActionMask = 2147483647;
			files = (
				BA2EEA3228E988860056CC39 /* LaunchScreen.storyboard in Resources */,
				BA2EEA2F28E988860056CC39 /* Assets.xcassets in Resources */,
				BA2EEA2D28E988850056CC39 /* Main.storyboard in Resources */,
			);
			runOnlyForDeploymentPostprocessing = 0;
		};
		BA2EEA3628E988860056CC39 /* Resources */ = {
			isa = PBXResourcesBuildPhase;
			buildActionMask = 2147483647;
			files = (
			);
			runOnlyForDeploymentPostprocessing = 0;
		};
		BA2EEA4028E988860056CC39 /* Resources */ = {
			isa = PBXResourcesBuildPhase;
			buildActionMask = 2147483647;
			files = (
			);
			runOnlyForDeploymentPostprocessing = 0;
		};
/* End PBXResourcesBuildPhase section */

/* Begin PBXSourcesBuildPhase section */
		BA2EEA1E28E988850056CC39 /* Sources */ = {
			isa = PBXSourcesBuildPhase;
			buildActionMask = 2147483647;
			files = (
				BA2EEA2A28E988850056CC39 /* ViewController.swift in Sources */,
				BA2EEA2628E988850056CC39 /* AppDelegate.swift in Sources */,
				BA2EEA2828E988850056CC39 /* SceneDelegate.swift in Sources */,
			);
			runOnlyForDeploymentPostprocessing = 0;
		};
		BA2EEA3428E988860056CC39 /* Sources */ = {
			isa = PBXSourcesBuildPhase;
			buildActionMask = 2147483647;
			files = (
				BA2EEA3D28E988860056CC39 /* Try_Swift_StoryboardTests.swift in Sources */,
			);
			runOnlyForDeploymentPostprocessing = 0;
		};
		BA2EEA3E28E988860056CC39 /* Sources */ = {
			isa = PBXSourcesBuildPhase;
			buildActionMask = 2147483647;
			files = (
				BA2EEA4728E988860056CC39 /* Try_Swift_StoryboardUITests.swift in Sources */,
				BA2EEA4928E988860056CC39 /* Try_Swift_StoryboardUITestsLaunchTests.swift in Sources */,
			);
			runOnlyForDeploymentPostprocessing = 0;
		};
/* End PBXSourcesBuildPhase section */

/* Begin PBXTargetDependency section */
		BA2EEA3A28E988860056CC39 /* PBXTargetDependency */ = {
			isa = PBXTargetDependency;
			target = BA2EEA2128E988850056CC39 /* Try Swift Storyboard */;
			targetProxy = BA2EEA3928E988860056CC39 /* PBXContainerItemProxy */;
		};
		BA2EEA4428E988860056CC39 /* PBXTargetDependency */ = {
			isa = PBXTargetDependency;
			target = BA2EEA2128E988850056CC39 /* Try Swift Storyboard */;
			targetProxy = BA2EEA4328E988860056CC39 /* PBXContainerItemProxy */;
		};
/* End PBXTargetDependency section */

/* Begin PBXVariantGroup section */
		BA2EEA2B28E988850056CC39 /* Main.storyboard */ = {
			isa = PBXVariantGroup;
			children = (
				BA2EEA2C28E988850056CC39 /* Base */,
			);
			name = Main.storyboard;
			sourceTree = "<group>";
		};
		BA2EEA3028E988860056CC39 /* LaunchScreen.storyboard */ = {
			isa = PBXVariantGroup;
			children = (
				BA2EEA3128E988860056CC39 /* Base */,
			);
			name = LaunchScreen.storyboard;
			sourceTree = "<group>";
		};
/* End PBXVariantGroup section */

/* Begin XCBuildConfiguration section */
		BA2EEA4A28E988860056CC39 /* Debug */ = {
			isa = XCBuildConfiguration;
			buildSettings = {
				ALWAYS_SEARCH_USER_PATHS = NO;
				CLANG_ANALYZER_NONNULL = YES;
				CLANG_ANALYZER_NUMBER_OBJECT_CONVERSION = YES_AGGRESSIVE;
				CLANG_CXX_LANGUAGE_STANDARD = "gnu++20";
				CLANG_ENABLE_MODULES = YES;
				CLANG_ENABLE_OBJC_ARC = YES;
				CLANG_ENABLE_OBJC_WEAK = YES;
				CLANG_WARN_BLOCK_CAPTURE_AUTORELEASING = YES;
				CLANG_WARN_BOOL_CONVERSION = YES;
				CLANG_WARN_COMMA = YES;
				CLANG_WARN_CONSTANT_CONVERSION = YES;
				CLANG_WARN_DEPRECATED_OBJC_IMPLEMENTATIONS = YES;
				CLANG_WARN_DIRECT_OBJC_ISA_USAGE = YES_ERROR;
				CLANG_WARN_DOCUMENTATION_COMMENTS = YES;
				CLANG_WARN_EMPTY_BODY = YES;
				CLANG_WARN_ENUM_CONVERSION = YES;
				CLANG_WARN_INFINITE_RECURSION = YES;
				CLANG_WARN_INT_CONVERSION = YES;
				CLANG_WARN_NON_LITERAL_NULL_CONVERSION = YES;
				CLANG_WARN_OBJC_IMPLICIT_RETAIN_SELF = YES;
				CLANG_WARN_OBJC_LITERAL_CONVERSION = YES;
				CLANG_WARN_OBJC_ROOT_CLASS = YES_ERROR;
				CLANG_WARN_QUOTED_INCLUDE_IN_FRAMEWORK_HEADER = YES;
				CLANG_WARN_RANGE_LOOP_ANALYSIS = YES;
				CLANG_WARN_STRICT_PROTOTYPES = YES;
				CLANG_WARN_SUSPICIOUS_MOVE = YES;
				CLANG_WARN_UNGUARDED_AVAILABILITY = YES_AGGRESSIVE;
				CLANG_WARN_UNREACHABLE_CODE = YES;
				CLANG_WARN__DUPLICATE_METHOD_MATCH = YES;
				COPY_PHASE_STRIP = NO;
				DEBUG_INFORMATION_FORMAT = dwarf;
				ENABLE_STRICT_OBJC_MSGSEND = YES;
				ENABLE_TESTABILITY = YES;
				GCC_C_LANGUAGE_STANDARD = gnu11;
				GCC_DYNAMIC_NO_PIC = NO;
				GCC_NO_COMMON_BLOCKS = YES;
				GCC_OPTIMIZATION_LEVEL = 0;
				GCC_PREPROCESSOR_DEFINITIONS = (
					"DEBUG=1",
					"$(inherited)",
				);
				GCC_WARN_64_TO_32_BIT_CONVERSION = YES;
				GCC_WARN_ABOUT_RETURN_TYPE = YES_ERROR;
				GCC_WARN_UNDECLARED_SELECTOR = YES;
				GCC_WARN_UNINITIALIZED_AUTOS = YES_AGGRESSIVE;
				GCC_WARN_UNUSED_FUNCTION = YES;
				GCC_WARN_UNUSED_VARIABLE = YES;
				IPHONEOS_DEPLOYMENT_TARGET = 16.0;
				MTL_ENABLE_DEBUG_INFO = INCLUDE_SOURCE;
				MTL_FAST_MATH = YES;
				ONLY_ACTIVE_ARCH = YES;
				SDKROOT = iphoneos;
				SWIFT_ACTIVE_COMPILATION_CONDITIONS = DEBUG;
				SWIFT_OPTIMIZATION_LEVEL = "-Onone";
			};
			name = Debug;
		};
		BA2EEA4B28E988860056CC39 /* Release */ = {
			isa = XCBuildConfiguration;
			buildSettings = {
				ALWAYS_SEARCH_USER_PATHS = NO;
				CLANG_ANALYZER_NONNULL = YES;
				CLANG_ANALYZER_NUMBER_OBJECT_CONVERSION = YES_AGGRESSIVE;
				CLANG_CXX_LANGUAGE_STANDARD = "gnu++20";
				CLANG_ENABLE_MODULES = YES;
				CLANG_ENABLE_OBJC_ARC = YES;
				CLANG_ENABLE_OBJC_WEAK = YES;
				CLANG_WARN_BLOCK_CAPTURE_AUTORELEASING = YES;
				CLANG_WARN_BOOL_CONVERSION = YES;
				CLANG_WARN_COMMA = YES;
				CLANG_WARN_CONSTANT_CONVERSION = YES;
				CLANG_WARN_DEPRECATED_OBJC_IMPLEMENTATIONS = YES;
				CLANG_WARN_DIRECT_OBJC_ISA_USAGE = YES_ERROR;
				CLANG_WARN_DOCUMENTATION_COMMENTS = YES;
				CLANG_WARN_EMPTY_BODY = YES;
				CLANG_WARN_ENUM_CONVERSION = YES;
				CLANG_WARN_INFINITE_RECURSION = YES;
				CLANG_WARN_INT_CONVERSION = YES;
				CLANG_WARN_NON_LITERAL_NULL_CONVERSION = YES;
				CLANG_WARN_OBJC_IMPLICIT_RETAIN_SELF = YES;
				CLANG_WARN_OBJC_LITERAL_CONVERSION = YES;
				CLANG_WARN_OBJC_ROOT_CLASS = YES_ERROR;
				CLANG_WARN_QUOTED_INCLUDE_IN_FRAMEWORK_HEADER = YES;
				CLANG_WARN_RANGE_LOOP_ANALYSIS = YES;
				CLANG_WARN_STRICT_PROTOTYPES = YES;
				CLANG_WARN_SUSPICIOUS_MOVE = YES;
				CLANG_WARN_UNGUARDED_AVAILABILITY = YES_AGGRESSIVE;
				CLANG_WARN_UNREACHABLE_CODE = YES;
				CLANG_WARN__DUPLICATE_METHOD_MATCH = YES;
				COPY_PHASE_STRIP = NO;
				DEBUG_INFORMATION_FORMAT = "dwarf-with-dsym";
				ENABLE_NS_ASSERTIONS = NO;
				ENABLE_STRICT_OBJC_MSGSEND = YES;
				GCC_C_LANGUAGE_STANDARD = gnu11;
				GCC_NO_COMMON_BLOCKS = YES;
				GCC_WARN_64_TO_32_BIT_CONVERSION = YES;
				GCC_WARN_ABOUT_RETURN_TYPE = YES_ERROR;
				GCC_WARN_UNDECLARED_SELECTOR = YES;
				GCC_WARN_UNINITIALIZED_AUTOS = YES_AGGRESSIVE;
				GCC_WARN_UNUSED_FUNCTION = YES;
				GCC_WARN_UNUSED_VARIABLE = YES;
				IPHONEOS_DEPLOYMENT_TARGET = 16.0;
				MTL_ENABLE_DEBUG_INFO = NO;
				MTL_FAST_MATH = YES;
				SDKROOT = iphoneos;
				SWIFT_COMPILATION_MODE = wholemodule;
				SWIFT_OPTIMIZATION_LEVEL = "-O";
				VALIDATE_PRODUCT = YES;
			};
			name = Release;
		};
		BA2EEA4D28E988860056CC39 /* Debug */ = {
			isa = XCBuildConfiguration;
			buildSettings = {
				ASSETCATALOG_COMPILER_APPICON_NAME = AppIcon;
				ASSETCATALOG_COMPILER_GLOBAL_ACCENT_COLOR_NAME = AccentColor;
				CODE_SIGN_STYLE = Automatic;
				CURRENT_PROJECT_VERSION = 1;
				GENERATE_INFOPLIST_FILE = YES;
				INFOPLIST_FILE = "Try Swift Storyboard/Info.plist";
				INFOPLIST_KEY_UIApplicationSupportsIndirectInputEvents = YES;
				INFOPLIST_KEY_UILaunchStoryboardName = LaunchScreen;
				INFOPLIST_KEY_UIMainStoryboardFile = Main;
				INFOPLIST_KEY_UISupportedInterfaceOrientations_iPad = "UIInterfaceOrientationPortrait UIInterfaceOrientationPortraitUpsideDown UIInterfaceOrientationLandscapeLeft UIInterfaceOrientationLandscapeRight";
				INFOPLIST_KEY_UISupportedInterfaceOrientations_iPhone = "UIInterfaceOrientationPortrait UIInterfaceOrientationLandscapeLeft UIInterfaceOrientationLandscapeRight";
				LD_RUNPATH_SEARCH_PATHS = (
					"$(inherited)",
					"@executable_path/Frameworks",
				);
				MARKETING_VERSION = 1.0;
				PRODUCT_BUNDLE_IDENTIFIER = "red-ballon.Try-Swift-Storyboard";
				PRODUCT_NAME = "$(TARGET_NAME)";
				SWIFT_EMIT_LOC_STRINGS = YES;
				SWIFT_VERSION = 5.0;
				TARGETED_DEVICE_FAMILY = "1,2";
			};
			name = Debug;
		};
		BA2EEA4E28E988860056CC39 /* Release */ = {
			isa = XCBuildConfiguration;
			buildSettings = {
				ASSETCATALOG_COMPILER_APPICON_NAME = AppIcon;
				ASSETCATALOG_COMPILER_GLOBAL_ACCENT_COLOR_NAME = AccentColor;
				CODE_SIGN_STYLE = Automatic;
				CURRENT_PROJECT_VERSION = 1;
				GENERATE_INFOPLIST_FILE = YES;
				INFOPLIST_FILE = "Try Swift Storyboard/Info.plist";
				INFOPLIST_KEY_UIApplicationSupportsIndirectInputEvents = YES;
				INFOPLIST_KEY_UILaunchStoryboardName = LaunchScreen;
				INFOPLIST_KEY_UIMainStoryboardFile = Main;
				INFOPLIST_KEY_UISupportedInterfaceOrientations_iPad = "UIInterfaceOrientationPortrait UIInterfaceOrientationPortraitUpsideDown UIInterfaceOrientationLandscapeLeft UIInterfaceOrientationLandscapeRight";
				INFOPLIST_KEY_UISupportedInterfaceOrientations_iPhone = "UIInterfaceOrientationPortrait UIInterfaceOrientationLandscapeLeft UIInterfaceOrientationLandscapeRight";
				LD_RUNPATH_SEARCH_PATHS = (
					"$(inherited)",
					"@executable_path/Frameworks",
				);
				MARKETING_VERSION = 1.0;
				PRODUCT_BUNDLE_IDENTIFIER = "red-ballon.Try-Swift-Storyboard";
				PRODUCT_NAME = "$(TARGET_NAME)";
				SWIFT_EMIT_LOC_STRINGS = YES;
				SWIFT_VERSION = 5.0;
				TARGETED_DEVICE_FAMILY = "1,2";
			};
			name = Release;
		};
		BA2EEA5028E988860056CC39 /* Debug */ = {
			isa = XCBuildConfiguration;
			buildSettings = {
				ALWAYS_EMBED_SWIFT_STANDARD_LIBRARIES = YES;
				BUNDLE_LOADER = "$(TEST_HOST)";
				CODE_SIGN_STYLE = Automatic;
				CURRENT_PROJECT_VERSION = 1;
				GENERATE_INFOPLIST_FILE = YES;
				IPHONEOS_DEPLOYMENT_TARGET = 16.0;
				MARKETING_VERSION = 1.0;
				PRODUCT_BUNDLE_IDENTIFIER = "red-ballon.Try-Swift-StoryboardTests";
				PRODUCT_NAME = "$(TARGET_NAME)";
				SWIFT_EMIT_LOC_STRINGS = NO;
				SWIFT_VERSION = 5.0;
				TARGETED_DEVICE_FAMILY = "1,2";
				TEST_HOST = "$(BUILT_PRODUCTS_DIR)/Try Swift Storyboard.app/$(BUNDLE_EXECUTABLE_FOLDER_PATH)/Try Swift Storyboard";
			};
			name = Debug;
		};
		BA2EEA5128E988860056CC39 /* Release */ = {
			isa = XCBuildConfiguration;
			buildSettings = {
				ALWAYS_EMBED_SWIFT_STANDARD_LIBRARIES = YES;
				BUNDLE_LOADER = "$(TEST_HOST)";
				CODE_SIGN_STYLE = Automatic;
				CURRENT_PROJECT_VERSION = 1;
				GENERATE_INFOPLIST_FILE = YES;
				IPHONEOS_DEPLOYMENT_TARGET = 16.0;
				MARKETING_VERSION = 1.0;
				PRODUCT_BUNDLE_IDENTIFIER = "red-ballon.Try-Swift-StoryboardTests";
				PRODUCT_NAME = "$(TARGET_NAME)";
				SWIFT_EMIT_LOC_STRINGS = NO;
				SWIFT_VERSION = 5.0;
				TARGETED_DEVICE_FAMILY = "1,2";
				TEST_HOST = "$(BUILT_PRODUCTS_DIR)/Try Swift Storyboard.app/$(BUNDLE_EXECUTABLE_FOLDER_PATH)/Try Swift Storyboard";
			};
			name = Release;
		};
		BA2EEA5328E988860056CC39 /* Debug */ = {
			isa = XCBuildConfiguration;
			buildSettings = {
				ALWAYS_EMBED_SWIFT_STANDARD_LIBRARIES = YES;
				CODE_SIGN_STYLE = Automatic;
				CURRENT_PROJECT_VERSION = 1;
				GENERATE_INFOPLIST_FILE = YES;
				MARKETING_VERSION = 1.0;
				PRODUCT_BUNDLE_IDENTIFIER = "red-ballon.Try-Swift-StoryboardUITests";
				PRODUCT_NAME = "$(TARGET_NAME)";
				SWIFT_EMIT_LOC_STRINGS = NO;
				SWIFT_VERSION = 5.0;
				TARGETED_DEVICE_FAMILY = "1,2";
				TEST_TARGET_NAME = "Try Swift Storyboard";
			};
			name = Debug;
		};
		BA2EEA5428E988860056CC39 /* Release */ = {
			isa = XCBuildConfiguration;
			buildSettings = {
				ALWAYS_EMBED_SWIFT_STANDARD_LIBRARIES = YES;
				CODE_SIGN_STYLE = Automatic;
				CURRENT_PROJECT_VERSION = 1;
				GENERATE_INFOPLIST_FILE = YES;
				MARKETING_VERSION = 1.0;
				PRODUCT_BUNDLE_IDENTIFIER = "red-ballon.Try-Swift-StoryboardUITests";
				PRODUCT_NAME = "$(TARGET_NAME)";
				SWIFT_EMIT_LOC_STRINGS = NO;
				SWIFT_VERSION = 5.0;
				TARGETED_DEVICE_FAMILY = "1,2";
				TEST_TARGET_NAME = "Try Swift Storyboard";
			};
			name = Release;
		};
/* End XCBuildConfiguration section */

/* Begin XCConfigurationList section */
		BA2EEA1D28E988850056CC39 /* Build configuration list for PBXProject "Try Swift Storyboard" */ = {
			isa = XCConfigurationList;
			buildConfigurations = (
				BA2EEA4A28E988860056CC39 /* Debug */,
				BA2EEA4B28E988860056CC39 /* Release */,
			);
			defaultConfigurationIsVisible = 0;
			defaultConfigurationName = Release;
		};
		BA2EEA4C28E988860056CC39 /* Build configuration list for PBXNativeTarget "Try Swift Storyboard" */ = {
			isa = XCConfigurationList;
			buildConfigurations = (
				BA2EEA4D28E988860056CC39 /* Debug */,
				BA2EEA4E28E988860056CC39 /* Release */,
			);
			defaultConfigurationIsVisible = 0;
			defaultConfigurationName = Release;
		};
		BA2EEA4F28E988860056CC39 /* Build configuration list for PBXNativeTarget "Try Swift StoryboardTests" */ = {
			isa = XCConfigurationList;
			buildConfigurations = (
				BA2EEA5028E988860056CC39 /* Debug */,
				BA2EEA5128E988860056CC39 /* Release */,
			);
			defaultConfigurationIsVisible = 0;
			defaultConfigurationName = Release;
		};
		BA2EEA5228E988860056CC39 /* Build configuration list for PBXNativeTarget "Try Swift StoryboardUITests" */ = {
			isa = XCConfigurationList;
			buildConfigurations = (
				BA2EEA5328E988860056CC39 /* Debug */,
				BA2EEA5428E988860056CC39 /* Release */,
			);
			defaultConfigurationIsVisible = 0;
			defaultConfigurationName = Release;
		};
/* End XCConfigurationList section */
	};
	rootObject = BA2EEA1A28E988850056CC39 /* Project object */;
}
